
Microsoft Visual Studio Solution File, Format Version 12.00
# Visual Studio Version 16
VisualStudioVersion = 16.0.29806.167
MinimumVisualStudioVersion = 10.0.40219.1
Project("{9A19103F-16F7-4668-BE54-9A1E7A4F7556}") = "Griffin.LoadTestable.Web", "Griffin.LoadTestable.Web.csproj", "{93BAD195-38EB-4676-AE6C-4753C4319E73}"
EndProject
Global
	GlobalSection(SolutionConfigurationPlatforms) = preSolution
		Debug|Any CPU = Debug|Any CPU
		Release|Any CPU = Release|Any CPU
	EndGlobalSection
	GlobalSection(ProjectConfigurationPlatforms) = postSolution
		{93BAD195-38EB-4676-AE6C-4753C4319E73}.Debug|Any CPU.ActiveCfg = Debug|Any CPU
		{93BAD195-38EB-4676-AE6C-4753C4319E73}.Debug|Any CPU.Build.0 = Debug|Any CPU
		{93BAD195-38EB-4676-AE6C-4753C4319E73}.Release|Any CPU.ActiveCfg = Release|Any CPU
		{93BAD195-38EB-4676-AE6C-4753C4319E73}.Release|Any CPU.Build.0 = Release|Any CPU
	EndGlobalSection
	GlobalSection(SolutionProperties) = preSolution
		HideSolutionNode = FALSE
	EndGlobalSection
	GlobalSection(ExtensibilityGlobals) = postSolution
		SolutionGuid = {CA8DC235-277B-45FE-849F-05450FC504F0}
	EndGlobalSection
EndGlobal
